// !$*UTF8*$!
{
	archiveVersion = 1;
	classes = {
	};
	objectVersion = 56;
	objects = {

/* Begin PBXBuildFile section */
		530F601829C622ED0003937A /* AppDelegate.m in Sources */ = {isa = PBXBuildFile; fileRef = 530F601729C622ED0003937A /* AppDelegate.m */; };
		530F601E29C622ED0003937A /* ViewController.m in Sources */ = {isa = PBXBuildFile; fileRef = 530F601D29C622ED0003937A /* ViewController.m */; };
		530F602129C622ED0003937A /* Main.storyboard in Resources */ = {isa = PBXBuildFile; fileRef = 530F601F29C622ED0003937A /* Main.storyboard */; };
		530F602329C622EF0003937A /* Assets.xcassets in Resources */ = {isa = PBXBuildFile; fileRef = 530F602229C622EF0003937A /* Assets.xcassets */; };
		530F602629C622EF0003937A /* LaunchScreen.storyboard in Resources */ = {isa = PBXBuildFile; fileRef = 530F602429C622EF0003937A /* LaunchScreen.storyboard */; };
		530F602929C622EF0003937A /* main.m in Sources */ = {isa = PBXBuildFile; fileRef = 530F602829C622EF0003937A /* main.m */; };
		530F603129C624680003937A /* LockView.m in Sources */ = {isa = PBXBuildFile; fileRef = 530F603029C624680003937A /* LockView.m */; };
		530F603429C6D8810003937A /* VCView.m in Sources */ = {isa = PBXBuildFile; fileRef = 530F603329C6D8810003937A /* VCView.m */; };
/* End PBXBuildFile section */

/* Begin PBXFileReference section */
		530F601329C622ED0003937A /* unlock.app */ = {isa = PBXFileReference; explicitFileType = wrapper.application; includeInIndex = 0; path = unlock.app; sourceTree = BUILT_PRODUCTS_DIR; };
		530F601629C622ED0003937A /* AppDelegate.h */ = {isa = PBXFileReference; lastKnownFileType = sourcecode.c.h; path = AppDelegate.h; sourceTree = "<group>"; };
		530F601729C622ED0003937A /* AppDelegate.m */ = {isa = PBXFileReference; lastKnownFileType = sourcecode.c.objc; path = AppDelegate.m; sourceTree = "<group>"; };
		530F601C29C622ED0003937A /* ViewController.h */ = {isa = PBXFileReference; lastKnownFileType = sourcecode.c.h; path = ViewController.h; sourceTree = "<group>"; };
		530F601D29C622ED0003937A /* ViewController.m */ = {isa = PBXFileReference; lastKnownFileType = sourcecode.c.objc; path = ViewController.m; sourceTree = "<group>"; };
		530F602029C622ED0003937A /* Base */ = {isa = PBXFileReference; lastKnownFileType = file.storyboard; name = Base; path = Base.lproj/Main.storyboard; sourceTree = "<group>"; };
		530F602229C622EF0003937A /* Assets.xcassets */ = {isa = PBXFileReference; lastKnownFileType = folder.assetcatalog; path = Assets.xcassets; sourceTree = "<group>"; };
		530F602529C622EF0003937A /* Base */ = {isa = PBXFileReference; lastKnownFileType = file.storyboard; name = Base; path = Base.lproj/LaunchScreen.storyboard; sourceTree = "<group>"; };
		530F602729C622EF0003937A /* Info.plist */ = {isa = PBXFileReference; lastKnownFileType = text.plist.xml; path = Info.plist; sourceTree = "<group>"; };
		530F602829C622EF0003937A /* main.m */ = {isa = PBXFileReference; lastKnownFileType = sourcecode.c.objc; path = main.m; sourceTree = "<group>"; };
		530F602F29C624680003937A /* LockView.h */ = {isa = PBXFileReference; lastKnownFileType = sourcecode.c.h; path = LockView.h; sourceTree = "<group>"; };
		530F603029C624680003937A /* LockView.m */ = {isa = PBXFileReference; lastKnownFileType = sourcecode.c.objc; path = LockView.m; sourceTree = "<group>"; };
		530F603229C6D8810003937A /* VCView.h */ = {isa = PBXFileReference; lastKnownFileType = sourcecode.c.h; path = VCView.h; sourceTree = "<group>"; };
		530F603329C6D8810003937A /* VCView.m */ = {isa = PBXFileReference; lastKnownFileType = sourcecode.c.objc; path = VCView.m; sourceTree = "<group>"; };
/* End PBXFileReference section */

/* Begin PBXFrameworksBuildPhase section */
		530F601029C622ED0003937A /* Frameworks */ = {
			isa = PBXFrameworksBuildPhase;
			buildActionMask = 2147483647;
			files = (
			);
			runOnlyForDeploymentPostprocessing = 0;
		};
/* End PBXFrameworksBuildPhase section */

/* Begin PBXGroup section */
		530F600A29C622ED0003937A = {
			isa = PBXGroup;
			children = (
				530F601529C622ED0003937A /* unlock */,
				530F601429C622ED0003937A /* Products */,
			);
			sourceTree = "<group>";
		};
		530F601429C622ED0003937A /* Products */ = {
			isa = PBXGroup;
			children = (
				530F601329C622ED0003937A /* unlock.app */,
			);
			name = Products;
			sourceTree = "<group>";
		};
		530F601529C622ED0003937A /* unlock */ = {
			isa = PBXGroup;
			children = (
				530F601629C622ED0003937A /* AppDelegate.h */,
				530F601729C622ED0003937A /* AppDelegate.m */,
				530F601C29C622ED0003937A /* ViewController.h */,
				530F601D29C622ED0003937A /* ViewController.m */,
				530F601F29C622ED0003937A /* Main.storyboard */,
				530F602229C622EF0003937A /* Assets.xcassets */,
				530F602429C622EF0003937A /* LaunchScreen.storyboard */,
				530F602729C622EF0003937A /* Info.plist */,
				530F602829C622EF0003937A /* main.m */,
				530F602F29C624680003937A /* LockView.h */,
				530F603029C624680003937A /* LockView.m */,
				530F603229C6D8810003937A /* VCView.h */,
				530F603329C6D8810003937A /* VCView.m */,
			);
			path = unlock;
			sourceTree = "<group>";
		};
/* End PBXGroup section */

/* Begin PBXNativeTarget section */
		530F601229C622ED0003937A /* unlock */ = {
			isa = PBXNativeTarget;
			buildConfigurationList = 530F602C29C622EF0003937A /* Build configuration list for PBXNativeTarget "unlock" */;
			buildPhases = (
				530F600F29C622ED0003937A /* Sources */,
				530F601029C622ED0003937A /* Frameworks */,
				530F601129C622ED0003937A /* Resources */,
			);
			buildRules = (
			);
			dependencies = (
			);
			name = unlock;
			productName = unlock;
			productReference = 530F601329C622ED0003937A /* unlock.app */;
			productType = "com.apple.product-type.application";
		};
/* End PBXNativeTarget section */

/* Begin PBXProject section */
		530F600B29C622ED0003937A /* Project object */ = {
			isa = PBXProject;
			attributes = {
				BuildIndependentTargetsInParallel = 1;
				LastUpgradeCheck = 1420;
				TargetAttributes = {
					530F601229C622ED0003937A = {
						CreatedOnToolsVersion = 14.2;
					};
				};
			};
			buildConfigurationList = 530F600E29C622ED0003937A /* Build configuration list for PBXProject "unlock" */;
			compatibilityVersion = "Xcode 14.0";
			developmentRegion = en;
			hasScannedForEncodings = 0;
			knownRegions = (
				en,
				Base,
			);
			mainGroup = 530F600A29C622ED0003937A;
			productRefGroup = 530F601429C622ED0003937A /* Products */;
			projectDirPath = "";
			projectRoot = "";
			targets = (
				530F601229C622ED0003937A /* unlock */,
			);
		};
/* End PBXProject section */

/* Begin PBXResourcesBuildPhase section */
		530F601129C622ED0003937A /* Resources */ = {
			isa = PBXResourcesBuildPhase;
			buildActionMask = 2147483647;
			files = (
				530F602629C622EF0003937A /* LaunchScreen.storyboard in Resources */,
				530F602329C622EF0003937A /* Assets.xcassets in Resources */,
				530F602129C622ED0003937A /* Main.storyboard in Resources */,
			);
			runOnlyForDeploymentPostprocessing = 0;
		};
/* End PBXResourcesBuildPhase section */

/* Begin PBXSourcesBuildPhase section */
		530F600F29C622ED0003937A /* Sources */ = {
			isa = PBXSourcesBuildPhase;
			buildActionMask = 2147483647;
			files = (
				530F601E29C622ED0003937A /* ViewController.m in Sources */,
				530F603129C624680003937A /* LockView.m in Sources */,
				530F601829C622ED0003937A /* AppDelegate.m in Sources */,
				530F602929C622EF0003937A /* main.m in Sources */,
				530F603429C6D8810003937A /* VCView.m in Sources */,
			);
			runOnlyForDeploymentPostprocessing = 0;
		};
/* End PBXSourcesBuildPhase section */

/* Begin PBXVariantGroup section */
		530F601F29C622ED0003937A /* Main.storyboard */ = {
			isa = PBXVariantGroup;
			children = (
				530F602029C622ED0003937A /* Base */,
			);
			name = Main.storyboard;
			sourceTree = "<group>";
		};
		530F602429C622EF0003937A /* LaunchScreen.storyboard */ = {
			isa = PBXVariantGroup;
			children = (
				530F602529C622EF0003937A /* Base */,
			);
			name = LaunchScreen.storyboard;
			sourceTree = "<group>";
		};
/* End PBXVariantGroup section */

/* Begin XCBuildConfiguration section */
		530F602A29C622EF0003937A /* Debug */ = {
			isa = XCBuildConfiguration;
			buildSettings = {
				ALWAYS_SEARCH_USER_PATHS = NO;
				CLANG_ANALYZER_NONNULL = YES;
				CLANG_ANALYZER_NUMBER_OBJECT_CONVERSION = YES_AGGRESSIVE;
				CLANG_CXX_LANGUAGE_STANDARD = "gnu++20";
				CLANG_ENABLE_MODULES = YES;
				CLANG_ENABLE_OBJC_ARC = YES;
				CLANG_ENABLE_OBJC_WEAK = YES;
				CLANG_WARN_BLOCK_CAPTURE_AUTORELEASING = YES;
				CLANG_WARN_BOOL_CONVERSION = YES;
				CLANG_WARN_COMMA = YES;
				CLANG_WARN_CONSTANT_CONVERSION = YES;
				CLANG_WARN_DEPRECATED_OBJC_IMPLEMENTATIONS = YES;
				CLANG_WARN_DIRECT_OBJC_ISA_USAGE = YES_ERROR;
				CLANG_WARN_DOCUMENTATION_COMMENTS = YES;
				CLANG_WARN_EMPTY_BODY = YES;
				CLANG_WARN_ENUM_CONVERSION = YES;
				CLANG_WARN_INFINITE_RECURSION = YES;
				CLANG_WARN_INT_CONVERSION = YES;
				CLANG_WARN_NON_LITERAL_NULL_CONVERSION = YES;
				CLANG_WARN_OBJC_IMPLICIT_RETAIN_SELF = YES;
				CLANG_WARN_OBJC_LITERAL_CONVERSION = YES;
				CLANG_WARN_OBJC_ROOT_CLASS = YES_ERROR;
				CLANG_WARN_QUOTED_INCLUDE_IN_FRAMEWORK_HEADER = YES;
				CLANG_WARN_RANGE_LOOP_ANALYSIS = YES;
				CLANG_WARN_STRICT_PROTOTYPES = YES;
				CLANG_WARN_SUSPICIOUS_MOVE = YES;
				CLANG_WARN_UNGUARDED_AVAILABILITY = YES_AGGRESSIVE;
				CLANG_WARN_UNREACHABLE_CODE = YES;
				CLANG_WARN__DUPLICATE_METHOD_MATCH = YES;
				COPY_PHASE_STRIP = NO;
				DEBUG_INFORMATION_FORMAT = dwarf;
				ENABLE_STRICT_OBJC_MSGSEND = YES;
				ENABLE_TESTABILITY = YES;
				GCC_C_LANGUAGE_STANDARD = gnu11;
				GCC_DYNAMIC_NO_PIC = NO;
				GCC_NO_COMMON_BLOCKS = YES;
				GCC_OPTIMIZATION_LEVEL = 0;
				GCC_PREPROCESSOR_DEFINITIONS = (
					"DEBUG=1",
					"$(inherited)",
				);
				GCC_WARN_64_TO_32_BIT_CONVERSION = YES;
				GCC_WARN_ABOUT_RETURN_TYPE = YES_ERROR;
				GCC_WARN_UNDECLARED_SELECTOR = YES;
				GCC_WARN_UNINITIALIZED_AUTOS = YES_AGGRESSIVE;
				GCC_WARN_UNUSED_FUNCTION = YES;
				GCC_WARN_UNUSED_VARIABLE = YES;
				IPHONEOS_DEPLOYMENT_TARGET = 16.2;
				MTL_ENABLE_DEBUG_INFO = INCLUDE_SOURCE;
				MTL_FAST_MATH = YES;
				ONLY_ACTIVE_ARCH = YES;
				SDKROOT = iphoneos;
			};
			name = Debug;
		};
		530F602B29C622EF0003937A /* Release */ = {
			isa = XCBuildConfiguration;
			buildSettings = {
				ALWAYS_SEARCH_USER_PATHS = NO;
				CLANG_ANALYZER_NONNULL = YES;
				CLANG_ANALYZER_NUMBER_OBJECT_CONVERSION = YES_AGGRESSIVE;
				CLANG_CXX_LANGUAGE_STANDARD = "gnu++20";
				CLANG_ENABLE_MODULES = YES;
				CLANG_ENABLE_OBJC_ARC = YES;
				CLANG_ENABLE_OBJC_WEAK = YES;
				CLANG_WARN_BLOCK_CAPTURE_AUTORELEASING = YES;
				CLANG_WARN_BOOL_CONVERSION = YES;
				CLANG_WARN_COMMA = YES;
				CLANG_WARN_CONSTANT_CONVERSION = YES;
				CLANG_WARN_DEPRECATED_OBJC_IMPLEMENTATIONS = YES;
				CLANG_WARN_DIRECT_OBJC_ISA_USAGE = YES_ERROR;
				CLANG_WARN_DOCUMENTATION_COMMENTS = YES;
				CLANG_WARN_EMPTY_BODY = YES;
				CLANG_WARN_ENUM_CONVERSION = YES;
				CLANG_WARN_INFINITE_RECURSION = YES;
				CLANG_WARN_INT_CONVERSION = YES;
				CLANG_WARN_NON_LITERAL_NULL_CONVERSION = YES;
				CLANG_WARN_OBJC_IMPLICIT_RETAIN_SELF = YES;
				CLANG_WARN_OBJC_LITERAL_CONVERSION = YES;
				CLANG_WARN_OBJC_ROOT_CLASS = YES_ERROR;
				CLANG_WARN_QUOTED_INCLUDE_IN_FRAMEWORK_HEADER = YES;
				CLANG_WARN_RANGE_LOOP_ANALYSIS = YES;
				CLANG_WARN_STRICT_PROTOTYPES = YES;
				CLANG_WARN_SUSPICIOUS_MOVE = YES;
				CLANG_WARN_UNGUARDED_AVAILABILITY = YES_AGGRESSIVE;
				CLANG_WARN_UNREACHABLE_CODE = YES;
				CLANG_WARN__DUPLICATE_METHOD_MATCH = YES;
				COPY_PHASE_STRIP = NO;
				DEBUG_INFORMATION_FORMAT = "dwarf-with-dsym";
				ENABLE_NS_ASSERTIONS = NO;
				ENABLE_STRICT_OBJC_MSGSEND = YES;
				GCC_C_LANGUAGE_STANDARD = gnu11;
				GCC_NO_COMMON_BLOCKS = YES;
				GCC_WARN_64_TO_32_BIT_CONVERSION = YES;
				GCC_WARN_ABOUT_RETURN_TYPE = YES_ERROR;
				GCC_WARN_UNDECLARED_SELECTOR = YES;
				GCC_WARN_UNINITIALIZED_AUTOS = YES_AGGRESSIVE;
				GCC_WARN_UNUSED_FUNCTION = YES;
				GCC_WARN_UNUSED_VARIABLE = YES;
				IPHONEOS_DEPLOYMENT_TARGET = 16.2;
				MTL_ENABLE_DEBUG_INFO = NO;
				MTL_FAST_MATH = YES;
				SDKROOT = iphoneos;
				VALIDATE_PRODUCT = YES;
			};
			name = Release;
		};
		530F602D29C622EF0003937A /* Debug */ = {
			isa = XCBuildConfiguration;
			buildSettings = {
				ASSETCATALOG_COMPILER_APPICON_NAME = AppIcon;
				ASSETCATALOG_COMPILER_GLOBAL_ACCENT_COLOR_NAME = AccentColor;
				CODE_SIGN_STYLE = Automatic;
				CURRENT_PROJECT_VERSION = 1;
				DEVELOPMENT_TEAM = 45Z7784253;
				GENERATE_INFOPLIST_FILE = YES;
				INFOPLIST_FILE = unlock/Info.plist;
				INFOPLIST_KEY_UIApplicationSupportsIndirectInputEvents = YES;
				INFOPLIST_KEY_UILaunchStoryboardName = LaunchScreen;
				INFOPLIST_KEY_UIMainStoryboardFile = Main;
				INFOPLIST_KEY_UISupportedInterfaceOrientations_iPad = "UIInterfaceOrientationPortrait UIInterfaceOrientationPortraitUpsideDown UIInterfaceOrientationLandscapeLeft UIInterfaceOrientationLandscapeRight";
				INFOPLIST_KEY_UISupportedInterfaceOrientations_iPhone = "UIInterfaceOrientationPortrait UIInterfaceOrientationLandscapeLeft UIInterfaceOrientationLandscapeRight";
				LD_RUNPATH_SEARCH_PATHS = (
					"$(inherited)",
					"@executable_path/Frameworks",
				);
				MARKETING_VERSION = 1.0;
				PRODUCT_BUNDLE_IDENTIFIER = com.zq.unlock.unlock;
				PRODUCT_NAME = "$(TARGET_NAME)";
				SWIFT_EMIT_LOC_STRINGS = YES;
				TARGETED_DEVICE_FAMILY = "1,2";
			};
			name = Debug;
		};
		530F602E29C622EF0003937A /* Release */ = {
			isa = XCBuildConfiguration;
			buildSettings = {
				ASSETCATALOG_COMPILER_APPICON_NAME = AppIcon;
				ASSETCATALOG_COMPILER_GLOBAL_ACCENT_COLOR_NAME = AccentColor;
				CODE_SIGN_STYLE = Automatic;
				CURRENT_PROJECT_VERSION = 1;
				DEVELOPMENT_TEAM = 45Z7784253;
				GENERATE_INFOPLIST_FILE = YES;
				INFOPLIST_FILE = unlock/Info.plist;
				INFOPLIST_KEY_UIApplicationSupportsIndirectInputEvents = YES;
				INFOPLIST_KEY_UILaunchStoryboardName = LaunchScreen;
				INFOPLIST_KEY_UIMainStoryboardFile = Main;
				INFOPLIST_KEY_UISupportedInterfaceOrientations_iPad = "UIInterfaceOrientationPortrait UIInterfaceOrientationPortraitUpsideDown UIInterfaceOrientationLandscapeLeft UIInterfaceOrientationLandscapeRight";
				INFOPLIST_KEY_UISupportedInterfaceOrientations_iPhone = "UIInterfaceOrientationPortrait UIInterfaceOrientationLandscapeLeft UIInterfaceOrientationLandscapeRight";
				LD_RUNPATH_SEARCH_PATHS = (
					"$(inherited)",
					"@executable_path/Frameworks",
				);
				MARKETING_VERSION = 1.0;
				PRODUCT_BUNDLE_IDENTIFIER = com.zq.unlock.unlock;
				PRODUCT_NAME = "$(TARGET_NAME)";
				SWIFT_EMIT_LOC_STRINGS = YES;
				TARGETED_DEVICE_FAMILY = "1,2";
			};
			name = Release;
		};
/* End XCBuildConfiguration section */

/* Begin XCConfigurationList section */
		530F600E29C622ED0003937A /* Build configuration list for PBXProject "unlock" */ = {
			isa = XCConfigurationList;
			buildConfigurations = (
				530F602A29C622EF0003937A /* Debug */,
				530F602B29C622EF0003937A /* Release */,
			);
			defaultConfigurationIsVisible = 0;
			defaultConfigurationName = Release;
		};
		530F602C29C622EF0003937A /* Build configuration list for PBXNativeTarget "unlock" */ = {
			isa = XCConfigurationList;
			buildConfigurations = (
				530F602D29C622EF0003937A /* Debug */,
				530F602E29C622EF0003937A /* Release */,
			);
			defaultConfigurationIsVisible = 0;
			defaultConfigurationName = Release;
		};
/* End XCConfigurationList section */
	};
	rootObject = 530F600B29C622ED0003937A /* Project object */;
}
